// !$*UTF8*$!
{
	archiveVersion = 1;
	classes = {
	};
	objectVersion = 46;
	objects = {

/* Begin PBXBuildFile section */
		2EA1F7751F231429008AC466 /* AppDelegate.swift in Sources */ = {isa = PBXBuildFile; fileRef = 2EA1F7741F231429008AC466 /* AppDelegate.swift */; };
		2EA1F7771F231429008AC466 /* ViewController.swift in Sources */ = {isa = PBXBuildFile; fileRef = 2EA1F7761F231429008AC466 /* ViewController.swift */; };
		2EA1F77A1F231429008AC466 /* Main.storyboard in Resources */ = {isa = PBXBuildFile; fileRef = 2EA1F7781F231429008AC466 /* Main.storyboard */; };
		2EA1F77C1F231429008AC466 /* Assets.xcassets in Resources */ = {isa = PBXBuildFile; fileRef = 2EA1F77B1F231429008AC466 /* Assets.xcassets */; };
		2EA1F77F1F231429008AC466 /* LaunchScreen.storyboard in Resources */ = {isa = PBXBuildFile; fileRef = 2EA1F77D1F231429008AC466 /* LaunchScreen.storyboard */; };
		2EA1F78A1F231429008AC466 /* CodePageTests.swift in Sources */ = {isa = PBXBuildFile; fileRef = 2EA1F7891F231429008AC466 /* CodePageTests.swift */; };
/* End PBXBuildFile section */

/* Begin PBXContainerItemProxy section */
		2EA1F7861F231429008AC466 /* PBXContainerItemProxy */ = {
			isa = PBXContainerItemProxy;
			containerPortal = 2EA1F7691F231429008AC466 /* Project object */;
			proxyType = 1;
			remoteGlobalIDString = 2EA1F7701F231429008AC466;
			remoteInfo = CodePage;
		};
/* End PBXContainerItemProxy section */

/* Begin PBXFileReference section */
		2EA1F7711F231429008AC466 /* CodePage.app */ = {isa = PBXFileReference; explicitFileType = wrapper.application; includeInIndex = 0; path = CodePage.app; sourceTree = BUILT_PRODUCTS_DIR; };
		2EA1F7741F231429008AC466 /* AppDelegate.swift */ = {isa = PBXFileReference; lastKnownFileType = sourcecode.swift; path = AppDelegate.swift; sourceTree = "<group>"; };
		2EA1F7761F231429008AC466 /* ViewController.swift */ = {isa = PBXFileReference; lastKnownFileType = sourcecode.swift; path = ViewController.swift; sourceTree = "<group>"; };
		2EA1F7791F231429008AC466 /* Base */ = {isa = PBXFileReference; lastKnownFileType = file.storyboard; name = Base; path = Base.lproj/Main.storyboard; sourceTree = "<group>"; };
		2EA1F77B1F231429008AC466 /* Assets.xcassets */ = {isa = PBXFileReference; lastKnownFileType = folder.assetcatalog; path = Assets.xcassets; sourceTree = "<group>"; };
		2EA1F77E1F231429008AC466 /* Base */ = {isa = PBXFileReference; lastKnownFileType = file.storyboard; name = Base; path = Base.lproj/LaunchScreen.storyboard; sourceTree = "<group>"; };
		2EA1F7801F231429008AC466 /* Info.plist */ = {isa = PBXFileReference; lastKnownFileType = text.plist.xml; path = Info.plist; sourceTree = "<group>"; };
		2EA1F7851F231429008AC466 /* CodePageTests.xctest */ = {isa = PBXFileReference; explicitFileType = wrapper.cfbundle; includeInIndex = 0; path = CodePageTests.xctest; sourceTree = BUILT_PRODUCTS_DIR; };
		2EA1F7891F231429008AC466 /* CodePageTests.swift */ = {isa = PBXFileReference; lastKnownFileType = sourcecode.swift; path = CodePageTests.swift; sourceTree = "<group>"; };
		2EA1F78B1F231429008AC466 /* Info.plist */ = {isa = PBXFileReference; lastKnownFileType = text.plist.xml; path = Info.plist; sourceTree = "<group>"; };
/* End PBXFileReference section */

/* Begin PBXFrameworksBuildPhase section */
		2EA1F76E1F231429008AC466 /* Frameworks */ = {
			isa = PBXFrameworksBuildPhase;
			buildActionMask = 2147483647;
			files = (
			);
			runOnlyForDeploymentPostprocessing = 0;
		};
		2EA1F7821F231429008AC466 /* Frameworks */ = {
			isa = PBXFrameworksBuildPhase;
			buildActionMask = 2147483647;
			files = (
			);
			runOnlyForDeploymentPostprocessing = 0;
		};
/* End PBXFrameworksBuildPhase section */

/* Begin PBXGroup section */
		2EA1F7681F231429008AC466 = {
			isa = PBXGroup;
			children = (
				2EA1F7731F231429008AC466 /* CodePage */,
				2EA1F7881F231429008AC466 /* CodePageTests */,
				2EA1F7721F231429008AC466 /* Products */,
			);
			sourceTree = "<group>";
		};
		2EA1F7721F231429008AC466 /* Products */ = {
			isa = PBXGroup;
			children = (
				2EA1F7711F231429008AC466 /* CodePage.app */,
				2EA1F7851F231429008AC466 /* CodePageTests.xctest */,
			);
			name = Products;
			sourceTree = "<group>";
		};
		2EA1F7731F231429008AC466 /* CodePage */ = {
			isa = PBXGroup;
			children = (
				2EA1F7741F231429008AC466 /* AppDelegate.swift */,
				2EA1F7761F231429008AC466 /* ViewController.swift */,
				2EA1F7781F231429008AC466 /* Main.storyboard */,
				2EA1F77B1F231429008AC466 /* Assets.xcassets */,
				2EA1F77D1F231429008AC466 /* LaunchScreen.storyboard */,
				2EA1F7801F231429008AC466 /* Info.plist */,
			);
			path = CodePage;
			sourceTree = "<group>";
		};
		2EA1F7881F231429008AC466 /* CodePageTests */ = {
			isa = PBXGroup;
			children = (
				2EA1F7891F231429008AC466 /* CodePageTests.swift */,
				2EA1F78B1F231429008AC466 /* Info.plist */,
			);
			path = CodePageTests;
			sourceTree = "<group>";
		};
/* End PBXGroup section */

/* Begin PBXNativeTarget section */
		2EA1F7701F231429008AC466 /* CodePage */ = {
			isa = PBXNativeTarget;
			buildConfigurationList = 2EA1F78E1F231429008AC466 /* Build configuration list for PBXNativeTarget "CodePage" */;
			buildPhases = (
				2EA1F76D1F231429008AC466 /* Sources */,
				2EA1F76E1F231429008AC466 /* Frameworks */,
				2EA1F76F1F231429008AC466 /* Resources */,
			);
			buildRules = (
			);
			dependencies = (
			);
			name = CodePage;
			productName = CodePage;
			productReference = 2EA1F7711F231429008AC466 /* CodePage.app */;
			productType = "com.apple.product-type.application";
		};
		2EA1F7841F231429008AC466 /* CodePageTests */ = {
			isa = PBXNativeTarget;
			buildConfigurationList = 2EA1F7911F231429008AC466 /* Build configuration list for PBXNativeTarget "CodePageTests" */;
			buildPhases = (
				2EA1F7811F231429008AC466 /* Sources */,
				2EA1F7821F231429008AC466 /* Frameworks */,
				2EA1F7831F231429008AC466 /* Resources */,
			);
			buildRules = (
			);
			dependencies = (
				2EA1F7871F231429008AC466 /* PBXTargetDependency */,
			);
			name = CodePageTests;
			productName = CodePageTests;
			productReference = 2EA1F7851F231429008AC466 /* CodePageTests.xctest */;
			productType = "com.apple.product-type.bundle.unit-test";
		};
/* End PBXNativeTarget section */

/* Begin PBXProject section */
		2EA1F7691F231429008AC466 /* Project object */ = {
			isa = PBXProject;
			attributes = {
				LastSwiftUpdateCheck = 0820;
				LastUpgradeCheck = 0820;
				ORGANIZATIONNAME = kliklabs;
				TargetAttributes = {
					2EA1F7701F231429008AC466 = {
						CreatedOnToolsVersion = 8.2.1;
						ProvisioningStyle = Automatic;
					};
					2EA1F7841F231429008AC466 = {
						CreatedOnToolsVersion = 8.2.1;
						ProvisioningStyle = Automatic;
						TestTargetID = 2EA1F7701F231429008AC466;
					};
				};
			};
			buildConfigurationList = 2EA1F76C1F231429008AC466 /* Build configuration list for PBXProject "CodePage" */;
			compatibilityVersion = "Xcode 3.2";
			developmentRegion = English;
			hasScannedForEncodings = 0;
			knownRegions = (
				en,
				Base,
			);
			mainGroup = 2EA1F7681F231429008AC466;
			productRefGroup = 2EA1F7721F231429008AC466 /* Products */;
			projectDirPath = "";
			projectRoot = "";
			targets = (
				2EA1F7701F231429008AC466 /* CodePage */,
				2EA1F7841F231429008AC466 /* CodePageTests */,
			);
		};
/* End PBXProject section */

/* Begin PBXResourcesBuildPhase section */
		2EA1F76F1F231429008AC466 /* Resources */ = {
			isa = PBXResourcesBuildPhase;
			buildActionMask = 2147483647;
			files = (
				2EA1F77F1F231429008AC466 /* LaunchScreen.storyboard in Resources */,
				2EA1F77C1F231429008AC466 /* Assets.xcassets in Resources */,
				2EA1F77A1F231429008AC466 /* Main.storyboard in Resources */,
			);
			runOnlyForDeploymentPostprocessing = 0;
		};
		2EA1F7831F231429008AC466 /* Resources */ = {
			isa = PBXResourcesBuildPhase;
			buildActionMask = 2147483647;
			files = (
			);
			runOnlyForDeploymentPostprocessing = 0;
		};
/* End PBXResourcesBuildPhase section */

/* Begin PBXSourcesBuildPhase section */
		2EA1F76D1F231429008AC466 /* Sources */ = {
			isa = PBXSourcesBuildPhase;
			buildActionMask = 2147483647;
			files = (
				2EA1F7771F231429008AC466 /* ViewController.swift in Sources */,
				2EA1F7751F231429008AC466 /* AppDelegate.swift in Sources */,
			);
			runOnlyForDeploymentPostprocessing = 0;
		};
		2EA1F7811F231429008AC466 /* Sources */ = {
			isa = PBXSourcesBuildPhase;
			buildActionMask = 2147483647;
			files = (
				2EA1F78A1F231429008AC466 /* CodePageTests.swift in Sources */,
			);
			runOnlyForDeploymentPostprocessing = 0;
		};
/* End PBXSourcesBuildPhase section */

/* Begin PBXTargetDependency section */
		2EA1F7871F231429008AC466 /* PBXTargetDependency */ = {
			isa = PBXTargetDependency;
			target = 2EA1F7701F231429008AC466 /* CodePage */;
			targetProxy = 2EA1F7861F231429008AC466 /* PBXContainerItemProxy */;
		};
/* End PBXTargetDependency section */

/* Begin PBXVariantGroup section */
		2EA1F7781F231429008AC466 /* Main.storyboard */ = {
			isa = PBXVariantGroup;
			children = (
				2EA1F7791F231429008AC466 /* Base */,
			);
			name = Main.storyboard;
			sourceTree = "<group>";
		};
		2EA1F77D1F231429008AC466 /* LaunchScreen.storyboard */ = {
			isa = PBXVariantGroup;
			children = (
				2EA1F77E1F231429008AC466 /* Base */,
			);
			name = LaunchScreen.storyboard;
			sourceTree = "<group>";
		};
/* End PBXVariantGroup section */

/* Begin XCBuildConfiguration section */
		2EA1F78C1F231429008AC466 /* Debug */ = {
			isa = XCBuildConfiguration;
			buildSettings = {
				ALWAYS_SEARCH_USER_PATHS = NO;
				CLANG_ANALYZER_NONNULL = YES;
				CLANG_CXX_LANGUAGE_STANDARD = "gnu++0x";
				CLANG_CXX_LIBRARY = "libc++";
				CLANG_ENABLE_MODULES = YES;
				CLANG_ENABLE_OBJC_ARC = YES;
				CLANG_WARN_BOOL_CONVERSION = YES;
				CLANG_WARN_CONSTANT_CONVERSION = YES;
				CLANG_WARN_DIRECT_OBJC_ISA_USAGE = YES_ERROR;
				CLANG_WARN_DOCUMENTATION_COMMENTS = YES;
				CLANG_WARN_EMPTY_BODY = YES;
				CLANG_WARN_ENUM_CONVERSION = YES;
				CLANG_WARN_INFINITE_RECURSION = YES;
				CLANG_WARN_INT_CONVERSION = YES;
				CLANG_WARN_OBJC_ROOT_CLASS = YES_ERROR;
				CLANG_WARN_SUSPICIOUS_MOVE = YES;
				CLANG_WARN_UNREACHABLE_CODE = YES;
				CLANG_WARN__DUPLICATE_METHOD_MATCH = YES;
				"CODE_SIGN_IDENTITY[sdk=iphoneos*]" = "iPhone Developer";
				COPY_PHASE_STRIP = NO;
				DEBUG_INFORMATION_FORMAT = dwarf;
				ENABLE_STRICT_OBJC_MSGSEND = YES;
				ENABLE_TESTABILITY = YES;
				GCC_C_LANGUAGE_STANDARD = gnu99;
				GCC_DYNAMIC_NO_PIC = NO;
				GCC_NO_COMMON_BLOCKS = YES;
				GCC_OPTIMIZATION_LEVEL = 0;
				GCC_PREPROCESSOR_DEFINITIONS = (
					"DEBUG=1",
					"$(inherited)",
				);
				GCC_WARN_64_TO_32_BIT_CONVERSION = YES;
				GCC_WARN_ABOUT_RETURN_TYPE = YES_ERROR;
				GCC_WARN_UNDECLARED_SELECTOR = YES;
				GCC_WARN_UNINITIALIZED_AUTOS = YES_AGGRESSIVE;
				GCC_WARN_UNUSED_FUNCTION = YES;
				GCC_WARN_UNUSED_VARIABLE = YES;
				IPHONEOS_DEPLOYMENT_TARGET = 10.2;
				MTL_ENABLE_DEBUG_INFO = YES;
				ONLY_ACTIVE_ARCH = YES;
				SDKROOT = iphoneos;
				SWIFT_ACTIVE_COMPILATION_CONDITIONS = DEBUG;
				SWIFT_OPTIMIZATION_LEVEL = "-Onone";
				TARGETED_DEVICE_FAMILY = "1,2";
			};
			name = Debug;
		};
		2EA1F78D1F231429008AC466 /* Release */ = {
			isa = XCBuildConfiguration;
			buildSettings = {
				ALWAYS_SEARCH_USER_PATHS = NO;
				CLANG_ANALYZER_NONNULL = YES;
				CLANG_CXX_LANGUAGE_STANDARD = "gnu++0x";
				CLANG_CXX_LIBRARY = "libc++";
				CLANG_ENABLE_MODULES = YES;
				CLANG_ENABLE_OBJC_ARC = YES;
				CLANG_WARN_BOOL_CONVERSION = YES;
				CLANG_WARN_CONSTANT_CONVERSION = YES;
				CLANG_WARN_DIRECT_OBJC_ISA_USAGE = YES_ERROR;
				CLANG_WARN_DOCUMENTATION_COMMENTS = YES;
				CLANG_WARN_EMPTY_BODY = YES;
				CLANG_WARN_ENUM_CONVERSION = YES;
				CLANG_WARN_INFINITE_RECURSION = YES;
				CLANG_WARN_INT_CONVERSION = YES;
				CLANG_WARN_OBJC_ROOT_CLASS = YES_ERROR;
				CLANG_WARN_SUSPICIOUS_MOVE = YES;
				CLANG_WARN_UNREACHABLE_CODE = YES;
				CLANG_WARN__DUPLICATE_METHOD_MATCH = YES;
				"CODE_SIGN_IDENTITY[sdk=iphoneos*]" = "iPhone Developer";
				COPY_PHASE_STRIP = NO;
				DEBUG_INFORMATION_FORMAT = "dwarf-with-dsym";
				ENABLE_NS_ASSERTIONS = NO;
				ENABLE_STRICT_OBJC_MSGSEND = YES;
				GCC_C_LANGUAGE_STANDARD = gnu99;
				GCC_NO_COMMON_BLOCKS = YES;
				GCC_WARN_64_TO_32_BIT_CONVERSION = YES;
				GCC_WARN_ABOUT_RETURN_TYPE = YES_ERROR;
				GCC_WARN_UNDECLARED_SELECTOR = YES;
				GCC_WARN_UNINITIALIZED_AUTOS = YES_AGGRESSIVE;
				GCC_WARN_UNUSED_FUNCTION = YES;
				GCC_WARN_UNUSED_VARIABLE = YES;
				IPHONEOS_DEPLOYMENT_TARGET = 10.2;
				MTL_ENABLE_DEBUG_INFO = NO;
				SDKROOT = iphoneos;
				SWIFT_OPTIMIZATION_LEVEL = "-Owholemodule";
				TARGETED_DEVICE_FAMILY = "1,2";
				VALIDATE_PRODUCT = YES;
			};
			name = Release;
		};
		2EA1F78F1F231429008AC466 /* Debug */ = {
			isa = XCBuildConfiguration;
			buildSettings = {
				ASSETCATALOG_COMPILER_APPICON_NAME = AppIcon;
				INFOPLIST_FILE = CodePage/Info.plist;
				LD_RUNPATH_SEARCH_PATHS = "$(inherited) @executable_path/Frameworks";
				PRODUCT_BUNDLE_IDENTIFIER = com.kliklabs.CodePage;
				PRODUCT_NAME = "$(TARGET_NAME)";
				SWIFT_VERSION = 3.0;
			};
			name = Debug;
		};
		2EA1F7901F231429008AC466 /* Release */ = {
			isa = XCBuildConfiguration;
			buildSettings = {
				ASSETCATALOG_COMPILER_APPICON_NAME = AppIcon;
				INFOPLIST_FILE = CodePage/Info.plist;
				LD_RUNPATH_SEARCH_PATHS = "$(inherited) @executable_path/Frameworks";
				PRODUCT_BUNDLE_IDENTIFIER = com.kliklabs.CodePage;
				PRODUCT_NAME = "$(TARGET_NAME)";
				SWIFT_VERSION = 3.0;
			};
			name = Release;
		};
		2EA1F7921F231429008AC466 /* Debug */ = {
			isa = XCBuildConfiguration;
			buildSettings = {
				ALWAYS_EMBED_SWIFT_STANDARD_LIBRARIES = YES;
				BUNDLE_LOADER = "$(TEST_HOST)";
				INFOPLIST_FILE = CodePageTests/Info.plist;
				LD_RUNPATH_SEARCH_PATHS = "$(inherited) @executable_path/Frameworks @loader_path/Frameworks";
				PRODUCT_BUNDLE_IDENTIFIER = com.kliklabs.CodePageTests;
				PRODUCT_NAME = "$(TARGET_NAME)";
				SWIFT_VERSION = 3.0;
				TEST_HOST = "$(BUILT_PRODUCTS_DIR)/CodePage.app/CodePage";
			};
			name = Debug;
		};
		2EA1F7931F231429008AC466 /* Release */ = {
			isa = XCBuildConfiguration;
			buildSettings = {
				ALWAYS_EMBED_SWIFT_STANDARD_LIBRARIES = YES;
				BUNDLE_LOADER = "$(TEST_HOST)";
				INFOPLIST_FILE = CodePageTests/Info.plist;
				LD_RUNPATH_SEARCH_PATHS = "$(inherited) @executable_path/Frameworks @loader_path/Frameworks";
				PRODUCT_BUNDLE_IDENTIFIER = com.kliklabs.CodePageTests;
				PRODUCT_NAME = "$(TARGET_NAME)";
				SWIFT_VERSION = 3.0;
				TEST_HOST = "$(BUILT_PRODUCTS_DIR)/CodePage.app/CodePage";
			};
			name = Release;
		};
/* End XCBuildConfiguration section */

/* Begin XCConfigurationList section */
		2EA1F76C1F231429008AC466 /* Build configuration list for PBXProject "CodePage" */ = {
			isa = XCConfigurationList;
			buildConfigurations = (
				2EA1F78C1F231429008AC466 /* Debug */,
				2EA1F78D1F231429008AC466 /* Release */,
			);
			defaultConfigurationIsVisible = 0;
			defaultConfigurationName = Release;
		};
		2EA1F78E1F231429008AC466 /* Build configuration list for PBXNativeTarget "CodePage" */ = {
			isa = XCConfigurationList;
			buildConfigurations = (
				2EA1F78F1F231429008AC466 /* Debug */,
				2EA1F7901F231429008AC466 /* Release */,
			);
			defaultConfigurationIsVisible = 0;
		};
		2EA1F7911F231429008AC466 /* Build configuration list for PBXNativeTarget "CodePageTests" */ = {
			isa = XCConfigurationList;
			buildConfigurations = (
				2EA1F7921F231429008AC466 /* Debug */,
				2EA1F7931F231429008AC466 /* Release */,
			);
			defaultConfigurationIsVisible = 0;
		};
/* End XCConfigurationList section */
	};
	rootObject = 2EA1F7691F231429008AC466 /* Project object */;
}
